Microsoft Visual Studio Solution File, Format Version 12.00
# Visual Studio Version 17
VisualStudioVersion = 17.5.2.0
MinimumVisualStudioVersion = 10.0.40219.1
Project("{FAE04EC0-301F-11D3-BF4B-00C04F79EFBC}") = "GbxTools3D", "GbxTools3D.csproj", "{09DDDD1B-60FE-26AC-594F-0FF91A06F205}"
EndProject
Global
	GlobalSection(SolutionConfigurationPlatforms) = preSolution
		Debug|Any CPU = Debug|Any CPU
		Release|Any CPU = Release|Any CPU
	EndGlobalSection
	GlobalSection(ProjectConfigurationPlatforms) = postSolution
		{09DDDD1B-60FE-26AC-594F-0FF91A06F205}.Debug|Any CPU.ActiveCfg = Debug|Any CPU
		{09DDDD1B-60FE-26AC-594F-0FF91A06F205}.Debug|Any CPU.Build.0 = Debug|Any CPU
		{09DDDD1B-60FE-26AC-594F-0FF91A06F205}.Release|Any CPU.ActiveCfg = Release|Any CPU
		{09DDDD1B-60FE-26AC-594F-0FF91A06F205}.Release|Any CPU.Build.0 = Release|Any CPU
	EndGlobalSection
	GlobalSection(SolutionProperties) = preSolution
		HideSolutionNode = FALSE
	EndGlobalSection
	GlobalSection(ExtensibilityGlobals) = postSolution
		SolutionGuid = {18554202-F8EC-4577-81CA-3559BB49EB0F}
	EndGlobalSection
EndGlobal
